{
  "name": "Math",
  "lockfileVersion": 3,
  "requires": true,
  "packages": {
    "": {
      "dependencies": {
        "big.js": "^6.1.1"
      },
      "devDependencies": {
        "@types/big.js": "^6.1.1",
        "@types/node": "^18.14.6"
      }
    },
    "node_modules/@types/big.js": {
      "version": "6.1.6",
      "resolved": "https://registry.npmjs.org/@types/big.js/-/big.js-6.1.6.tgz",
      "integrity": "sha512-0r9J+Zz9rYm2hOTwiMAVkm3XFQ4u5uTK37xrQMhc9bysn/sf/okzovWMYYIBMFTn/yrEZ11pusgLEaoarTlQbA==",
      "dev": true
    },
    "node_modules/@types/node": {
      "version": "18.14.6",
      "resolved": "https://registry.npmjs.org/@types/node/-/node-18.14.6.tgz",
      "integrity": "sha512-93+VvleD3mXwlLI/xASjw0FzKcwzl3OdTCzm1LaRfqgS21gfFtK3zDXM5Op9TeeMsJVOaJ2VRDpT9q4Y3d0AvA==",
      "dev": true
    },
    "node_modules/big.js": {
      "version": "6.2.1",
      "resolved": "https://registry.npmjs.org/big.js/-/big.js-6.2.1.tgz",
      "integrity": "sha512-bCtHMwL9LeDIozFn+oNhhFoq+yQ3BNdnsLSASUxLciOb1vgvpHsIO1dsENiGMgbb4SkP5TrzWzRiLddn8ahVOQ==",
      "engines": {
        "node": "*"
      },
      "funding": {
        "type": "opencollective",
        "url": "https://opencollective.com/bigjs"
      }
    }
  }
}
