{
  "name": "prime",
  "requires": true,
  "lockfileVersion": 1,
  "dependencies": {
    "@types/big.js": {
      "version": "6.0.0",
      "resolved": "https://registry.npmjs.org/@types/big.js/-/big.js-6.0.0.tgz",
      "integrity": "sha512-EESIS1UIBimpfgoO0Ns9C4wnu/dA5pGa6mZDBSwZkshPRAmgLPu9yHEM8xDsmhZRT5sy+q/o6y922G2tP5kY2w==",
      "dev": true
    },
    "big.js": {
      "version": "6.0.2",
      "resolved": "https://registry.npmjs.org/big.js/-/big.js-6.0.2.tgz",
      "integrity": "sha512-5PQYFp5ZrznQwD7cNgUHZwpC0gm/Pmh2GiUMSW4KurSXEtjLUVAXnmxYnM2W1X0Dx9JFAcvYJ4IQ+dchanp5VA=="
    }
  }
}
