{
  "name": "mandelbrot",
  "version": "1.0.1",
  "lockfileVersion": 2,
  "requires": true,
  "packages": {
    "": {
      "name": "mandelbrot",
      "version": "1.0.1",
      "dependencies": {
        "big.js": "^6.1.1"
      },
      "devDependencies": {
        "@types/big.js": "^6.1.1"
      }
    },
    "node_modules/@types/big.js": {
      "version": "6.1.3",
      "resolved": "https://registry.npmjs.org/@types/big.js/-/big.js-6.1.3.tgz",
      "integrity": "sha512-fHh2h1cFlvGP0kFCqoAsnuQoM0n3xHB6HxgZvELt7dji+BtK/j938MRL0nG5AA45EgibuFcPjgLlkqfUPCyoKw==",
      "dev": true
    },
    "node_modules/big.js": {
      "version": "6.1.1",
      "resolved": "https://registry.npmjs.org/big.js/-/big.js-6.1.1.tgz",
      "integrity": "sha512-1vObw81a8ylZO5ePrtMay0n018TcftpTA5HFKDaSuiUDBo8biRBtjIobw60OpwuvrGk+FsxKamqN4cnmj/eXdg==",
      "engines": {
        "node": "*"
      },
      "funding": {
        "type": "opencollective",
        "url": "https://opencollective.com/bigjs"
      }
    }
  },
  "dependencies": {
    "@types/big.js": {
      "version": "6.1.3",
      "resolved": "https://registry.npmjs.org/@types/big.js/-/big.js-6.1.3.tgz",
      "integrity": "sha512-fHh2h1cFlvGP0kFCqoAsnuQoM0n3xHB6HxgZvELt7dji+BtK/j938MRL0nG5AA45EgibuFcPjgLlkqfUPCyoKw==",
      "dev": true
    },
    "big.js": {
      "version": "6.1.1",
      "resolved": "https://registry.npmjs.org/big.js/-/big.js-6.1.1.tgz",
      "integrity": "sha512-1vObw81a8ylZO5ePrtMay0n018TcftpTA5HFKDaSuiUDBo8biRBtjIobw60OpwuvrGk+FsxKamqN4cnmj/eXdg=="
    }
  }
}
