{
  "name": "mandelbrot",
  "version": "1.0.1",
  "lockfileVersion": 1,
  "requires": true,
  "dependencies": {
    "@types/big.js": {
      "version": "6.0.0",
      "resolved": "https://registry.npmjs.org/@types/big.js/-/big.js-6.0.0.tgz",
      "integrity": "sha512-EESIS1UIBimpfgoO0Ns9C4wnu/dA5pGa6mZDBSwZkshPRAmgLPu9yHEM8xDsmhZRT5sy+q/o6y922G2tP5kY2w==",
      "dev": true
    },
    "big.js": {
      "version": "6.0.1",
      "resolved": "https://registry.npmjs.org/big.js/-/big.js-6.0.1.tgz",
      "integrity": "sha512-o2EROPS1CEOLYNJKDRvmfVxpP9YTQxBSW0nJrpCpBjB5TEg3XYUt+WZHqrOVi/53GcQk8KFfNE08ZLpiD4iA2A=="
    }
  }
}
